
Microsoft Visual Studio Solution File, Format Version 12.00
# Visual Studio Version 17
VisualStudioVersion = 17.12.35707.178 d17.12
MinimumVisualStudioVersion = 10.0.40219.1
Project("{FAE04EC0-301F-11D3-BF4B-00C04F79EFBC}") = "Supplement-P1-7", "Supplement-P1-7\Supplement-P1-7.csproj", "{20273BA0-B942-44BD-9486-A4389509407C}"
EndProject
Project("{FAE04EC0-301F-11D3-BF4B-00C04F79EFBC}") = "Supplement-P1-7Tests", "Supplement-P1-7Tests\Supplement-P1-7Tests.csproj", "{4DF73443-8803-46C9-8B54-51CBFA57D73B}"
EndProject
Global
	GlobalSection(SolutionConfigurationPlatforms) = preSolution
		Debug|Any CPU = Debug|Any CPU
		Release|Any CPU = Release|Any CPU
	EndGlobalSection
	GlobalSection(ProjectConfigurationPlatforms) = postSolution
		{20273BA0-B942-44BD-9486-A4389509407C}.Debug|Any CPU.ActiveCfg = Debug|Any CPU
		{20273BA0-B942-44BD-9486-A4389509407C}.Debug|Any CPU.Build.0 = Debug|Any CPU
		{20273BA0-B942-44BD-9486-A4389509407C}.Release|Any CPU.ActiveCfg = Release|Any CPU
		{20273BA0-B942-44BD-9486-A4389509407C}.Release|Any CPU.Build.0 = Release|Any CPU
		{4DF73443-8803-46C9-8B54-51CBFA57D73B}.Debug|Any CPU.ActiveCfg = Debug|Any CPU
		{4DF73443-8803-46C9-8B54-51CBFA57D73B}.Debug|Any CPU.Build.0 = Debug|Any CPU
		{4DF73443-8803-46C9-8B54-51CBFA57D73B}.Release|Any CPU.ActiveCfg = Release|Any CPU
		{4DF73443-8803-46C9-8B54-51CBFA57D73B}.Release|Any CPU.Build.0 = Release|Any CPU
	EndGlobalSection
	GlobalSection(SolutionProperties) = preSolution
		HideSolutionNode = FALSE
	EndGlobalSection
EndGlobal
